
Microsoft Visual Studio Solution File, Format Version 12.00
# Visual Studio Version 16
VisualStudioVersion = 16.0.34114.132
MinimumVisualStudioVersion = 10.0.40219.1
Project("{FAE04EC0-301F-11D3-BF4B-00C04F79EFBC}") = "text2.2.43", "text2.2.43.csproj", "{7D72E583-6D31-4BA4-803A-995E2CB9AC8E}"
EndProject
Global
	GlobalSection(SolutionConfigurationPlatforms) = preSolution
		Debug|Any CPU = Debug|Any CPU
		Release|Any CPU = Release|Any CPU
	EndGlobalSection
	GlobalSection(ProjectConfigurationPlatforms) = postSolution
		{7D72E583-6D31-4BA4-803A-995E2CB9AC8E}.Debug|Any CPU.ActiveCfg = Debug|Any CPU
		{7D72E583-6D31-4BA4-803A-995E2CB9AC8E}.Debug|Any CPU.Build.0 = Debug|Any CPU
		{7D72E583-6D31-4BA4-803A-995E2CB9AC8E}.Release|Any CPU.ActiveCfg = Release|Any CPU
		{7D72E583-6D31-4BA4-803A-995E2CB9AC8E}.Release|Any CPU.Build.0 = Release|Any CPU
	EndGlobalSection
	GlobalSection(SolutionProperties) = preSolution
		HideSolutionNode = FALSE
	EndGlobalSection
	GlobalSection(ExtensibilityGlobals) = postSolution
		SolutionGuid = {535D9B63-C463-4053-B577-CFF4F5540FEF}
	EndGlobalSection
EndGlobal
